
Microsoft Visual Studio Solution File, Format Version 12.00
# Visual Studio 2013
VisualStudioVersion = 12.0.31101.0
MinimumVisualStudioVersion = 10.0.40219.1
Project("{FAE04EC0-301F-11D3-BF4B-00C04F79EFBC}") = "SharePointULSCatcher", "SharePointULSCatcher\SharePointULSCatcher.csproj", "{A246F24C-89B9-4267-AB46-F60CDB57CDE1}"
EndProject
Project("{FAE04EC0-301F-11D3-BF4B-00C04F79EFBC}") = "SharePointULSCatcher.Core", "SharePointULSCatcher.Core\SharePointULSCatcher.Core.csproj", "{A02EAE96-3B9F-4EDB-9710-07685914C643}"
EndProject
Global
	GlobalSection(TeamFoundationVersionControl) = preSolution
		SccNumberOfProjects = 3
		SccEnterpriseProvider = {4CA58AB2-18FA-4F8D-95D4-32DDF27D184C}
		SccTeamFoundationServer = https://magna-cptm.visualstudio.com/defaultcollection
		SccLocalPath0 = .
		SccProjectUniqueName1 = SharePointULSCatcher.Core\\SharePointULSCatcher.Core.csproj
		SccProjectName1 = SharePointULSCatcher.Core
		SccLocalPath1 = SharePointULSCatcher.Core
		SccProjectUniqueName2 = SharePointULSCatcher\\SharePointULSCatcher.csproj
		SccProjectName2 = SharePointULSCatcher
		SccLocalPath2 = SharePointULSCatcher
	EndGlobalSection
	GlobalSection(SolutionConfigurationPlatforms) = preSolution
		Debug|Any CPU = Debug|Any CPU
		Release|Any CPU = Release|Any CPU
	EndGlobalSection
	GlobalSection(ProjectConfigurationPlatforms) = postSolution
		{A246F24C-89B9-4267-AB46-F60CDB57CDE1}.Debug|Any CPU.ActiveCfg = Debug|Any CPU
		{A246F24C-89B9-4267-AB46-F60CDB57CDE1}.Debug|Any CPU.Build.0 = Debug|Any CPU
		{A246F24C-89B9-4267-AB46-F60CDB57CDE1}.Release|Any CPU.ActiveCfg = Release|Any CPU
		{A246F24C-89B9-4267-AB46-F60CDB57CDE1}.Release|Any CPU.Build.0 = Release|Any CPU
		{A02EAE96-3B9F-4EDB-9710-07685914C643}.Debug|Any CPU.ActiveCfg = Debug|Any CPU
		{A02EAE96-3B9F-4EDB-9710-07685914C643}.Debug|Any CPU.Build.0 = Debug|Any CPU
		{A02EAE96-3B9F-4EDB-9710-07685914C643}.Release|Any CPU.ActiveCfg = Release|Any CPU
		{A02EAE96-3B9F-4EDB-9710-07685914C643}.Release|Any CPU.Build.0 = Release|Any CPU
	EndGlobalSection
	GlobalSection(SolutionProperties) = preSolution
		HideSolutionNode = FALSE
	EndGlobalSection
EndGlobal
